
Microsoft Visual Studio Solution File, Format Version 12.00
# Visual Studio Version 16
VisualStudioVersion = 16.0.30503.244
MinimumVisualStudioVersion = 10.0.40219.1
Project("{FAE04EC0-301F-11D3-BF4B-00C04F79EFBC}") = "IT3047Final", "IT3047Final\IT3047Final.csproj", "{912F73D5-2C4E-48A8-85CB-B11E288A0DC5}"
EndProject
Global
	GlobalSection(SolutionConfigurationPlatforms) = preSolution
		Debug|Any CPU = Debug|Any CPU
		Release|Any CPU = Release|Any CPU
	EndGlobalSection
	GlobalSection(ProjectConfigurationPlatforms) = postSolution
		{912F73D5-2C4E-48A8-85CB-B11E288A0DC5}.Debug|Any CPU.ActiveCfg = Debug|Any CPU
		{912F73D5-2C4E-48A8-85CB-B11E288A0DC5}.Debug|Any CPU.Build.0 = Debug|Any CPU
		{912F73D5-2C4E-48A8-85CB-B11E288A0DC5}.Release|Any CPU.ActiveCfg = Release|Any CPU
		{912F73D5-2C4E-48A8-85CB-B11E288A0DC5}.Release|Any CPU.Build.0 = Release|Any CPU
	EndGlobalSection
	GlobalSection(SolutionProperties) = preSolution
		HideSolutionNode = FALSE
	EndGlobalSection
	GlobalSection(ExtensibilityGlobals) = postSolution
		SolutionGuid = {F363C7E8-3414-4F6B-B900-11AEEAE9D850}
	EndGlobalSection
EndGlobal
